
Microsoft Visual Studio Solution File, Format Version 12.00
# Visual Studio Version 17
VisualStudioVersion = 17.4.33213.308
MinimumVisualStudioVersion = 10.0.40219.1
Project("{FAE04EC0-301F-11D3-BF4B-00C04F79EFBC}") = "ConsoleApp1", "ConsoleApp1\ConsoleApp1.csproj", "{7D850963-C501-47C3-BED8-F3D9F5BAC1CD}"
EndProject
Global
	GlobalSection(SolutionConfigurationPlatforms) = preSolution
		Debug|Any CPU = Debug|Any CPU
		Release|Any CPU = Release|Any CPU
	EndGlobalSection
	GlobalSection(ProjectConfigurationPlatforms) = postSolution
		{7D850963-C501-47C3-BED8-F3D9F5BAC1CD}.Debug|Any CPU.ActiveCfg = Debug|Any CPU
		{7D850963-C501-47C3-BED8-F3D9F5BAC1CD}.Debug|Any CPU.Build.0 = Debug|Any CPU
		{7D850963-C501-47C3-BED8-F3D9F5BAC1CD}.Release|Any CPU.ActiveCfg = Release|Any CPU
		{7D850963-C501-47C3-BED8-F3D9F5BAC1CD}.Release|Any CPU.Build.0 = Release|Any CPU
	EndGlobalSection
	GlobalSection(SolutionProperties) = preSolution
		HideSolutionNode = FALSE
	EndGlobalSection
	GlobalSection(ExtensibilityGlobals) = postSolution
		SolutionGuid = {6F5460B7-0C9B-4F9F-BA3B-9EB5D9F9F38C}
	EndGlobalSection
EndGlobal
